# THIS IS AN AUTOGENERATED FILE. DO NOT EDIT THIS FILE DIRECTLY.
# yarn lockfile v1


"@trpc/client@^11.0.0-rc.502":
  version "11.0.0-rc.502"
  resolved "https://registry.yarnpkg.com/@trpc/client/-/client-11.0.0-rc.502.tgz#12846fdc2421950cc03f68a3214ebc3c6cbda5d5"
  integrity sha512-ysFQ3wHnjzLcAqeuwx9/B/YV+2XN/kmfAdTUG+O/SUAdP2wAwo6XbhOxlHw0HWS5pDCsTfJkxDr1nMVkuFM07Q==

"@trpc/server@^11.0.0-rc.502":
  version "11.0.0-rc.502"
  resolved "https://registry.yarnpkg.com/@trpc/server/-/server-11.0.0-rc.502.tgz#f094f14be207cf9e46ecfab3568c08f1ee75bc6c"
  integrity sha512-n6B8Q/UqF+hFXyCTXq9AWSn6EkXBbVo/Bs7/QzZxe5KD5CdnBomC7A1y6Qr+i0eiOWwTHJZQ0az+gJetb2fdxw==

zod@^3.23.8:
  version "3.23.8"
  resolved "https://registry.yarnpkg.com/zod/-/zod-3.23.8.tgz#e37b957b5d52079769fb8097099b592f0ef4067d"
  integrity sha512-XBx9AXhXktjUqnepgTiE5flcKIYWi/rme0Eaj+5Y0lftuGBq+jyRu/md4WnuxqgP1ubdpNCsYEYPxrzVHD8d6g==
